PODS:
  - ADJgKit (0.7.4.12031)
  - ADJgLocationManager (0.2.1.01301)
  - ADJgNetwork (0.2.1.06291):
    - ADJgKit (~> 0.7.0)
  - ADJGPTGAdapter (1.0.0)
  - ADJgSDK (3.9.9.12032):
    - ADJgKit (~> 0.7.4.12031)
    - ADJgLocationManager (~> 0.2.1.01301)
    - ADJgNetwork (~> 0.2.1.0)
    - ADJgSDK/core (= 3.9.9.12032)
  - ADJgSDK/ADJgSDKPlatforms/tianmu (3.9.9.12032):
    - ADJgKit (~> 0.7.4.12031)
    - ADJgLocationManager (~> 0.2.1.01301)
    - ADJgNetwork (~> 0.2.1.0)
    - ADJgSDK/core
    - TianmuSDK (= 3.0.0.1)
  - ADJgSDK/core (3.9.9.12032):
    - ADJgKit (~> 0.7.4.12031)
    - ADJgLocationManager (~> 0.2.1.01301)
    - ADJgNetwork (~> 0.2.1.0)
  - ADSuyiKit (0.7.6.02251)
  - ADSuyiLocationManager (0.2.1.01301)
  - ADSuyiNetwork (0.2.1.06291):
    - ADSuyiKit (~> 0.7.0)
  - MJRefresh (3.7.9)
  - PTGAdFramework (2.2.73)
  - TianmuSDK (3.0.0.1):
    - ADSuyiKit (~> 0.7.6.02251)
    - ADSuyiLocationManager (~> 0.2.1.01301)
    - ADSuyiNetwork (~> 0.2.1.0)

DEPENDENCIES:
  - ADJGPTGAdapter (= 1.0.0)
  - ADJgSDK (~> 3.9.9.12032)
  - ADJgSDK/ADJgSDKPlatforms/tianmu
  - MJRefresh
  - PTGAdFramework (~> 2.2.73)

SPEC REPOS:
  https://github.com/CocoaPods/Specs.git:
    - ADJgKit
    - ADJgLocationManager
    - ADJgNetwork
    - ADJGPTGAdapter
    - ADJgSDK
    - ADSuyiKit
    - ADSuyiLocationManager
    - ADSuyiNetwork
    - MJRefresh
    - PTGAdFramework
    - TianmuSDK

SPEC CHECKSUMS:
  ADJgKit: d3b9c8b7b9874e71afcd5ceb4cfc63e6633a9bbd
  ADJgLocationManager: 6c5067915a915ac0d1d1a202afca0cf4cdec9923
  ADJgNetwork: afd35c4e38f2f1747f76859d88d56f863a4be57b
  ADJGPTGAdapter: 936d1d7fcbb17aab1c4ef94fc35ee717d00e7ddf
  ADJgSDK: 417d1cc9206e353064d69e0861e1af431fca53cd
  ADSuyiKit: dd87ca1bae270d84b4a96a82727148e13062c4a3
  ADSuyiLocationManager: 498421794430a1554dd85beac729221487e8394b
  ADSuyiNetwork: e3cd29320932f9a6d523a561357a2f38de83189d
  MJRefresh: ff9e531227924c84ce459338414550a05d2aea78
  PTGAdFramework: 822cdd66b96ccd6d18ebab5fa95df77a1af9be09
  TianmuSDK: 34533d93357e452afc2d3a7d10a83fd03a022d8d

PODFILE CHECKSUM: c1aab39a1f55d92514de99aa4f54e01a04ccce10

COCOAPODS: 1.16.2
